
Microsoft Visual Studio Solution File, Format Version 12.00
Project("{FAE04EC0-301F-11D3-BF4B-00C04F79EFBC}") = "Api", "src\Api\Api.csproj", "{FE470937-D098-4D43-BB06-37EFD08A7011}"
EndProject
Project("{2150E333-8FDC-42A3-9474-1A3956D46DE8}") = "src", "src", "{E7D50E59-ACAF-4D01-9B8E-B6EFEFE6465A}"
EndProject
Project("{FAE04EC0-301F-11D3-BF4B-00C04F79EFBC}") = "Infrastructure", "src\Infrastructure\Infrastructure.csproj", "{120004E7-BCB0-4416-934D-95B58AE46B46}"
EndProject
Project("{FAE04EC0-301F-11D3-BF4B-00C04F79EFBC}") = "Core", "src\Core\Core.csproj", "{CC39F7A7-0E2A-493C-BE23-D69D63D6EB96}"
EndProject
Project("{FAE04EC0-301F-11D3-BF4B-00C04F79EFBC}") = "Application", "src\Application\Application.csproj", "{AF0ECDF5-D567-43BA-8E1B-F0F9DBD0461C}"
EndProject
Project("{2150E333-8FDC-42A3-9474-1A3956D46DE8}") = "tests", "tests", "{C185A9D9-94EF-4312-B238-3E7F0593F2EC}"
EndProject
Project("{FAE04EC0-301F-11D3-BF4B-00C04F79EFBC}") = "Tests", "Tests\Tests.csproj", "{F6A27C66-0ACD-40F0-86BC-4F19A42703A7}"
EndProject
Global
	GlobalSection(SolutionConfigurationPlatforms) = preSolution
		Debug|Any CPU = Debug|Any CPU
		Release|Any CPU = Release|Any CPU
	EndGlobalSection
	GlobalSection(ProjectConfigurationPlatforms) = postSolution
		{FE470937-D098-4D43-BB06-37EFD08A7011}.Debug|Any CPU.ActiveCfg = Debug|Any CPU
		{FE470937-D098-4D43-BB06-37EFD08A7011}.Debug|Any CPU.Build.0 = Debug|Any CPU
		{FE470937-D098-4D43-BB06-37EFD08A7011}.Release|Any CPU.ActiveCfg = Release|Any CPU
		{FE470937-D098-4D43-BB06-37EFD08A7011}.Release|Any CPU.Build.0 = Release|Any CPU
		{120004E7-BCB0-4416-934D-95B58AE46B46}.Debug|Any CPU.ActiveCfg = Debug|Any CPU
		{120004E7-BCB0-4416-934D-95B58AE46B46}.Debug|Any CPU.Build.0 = Debug|Any CPU
		{120004E7-BCB0-4416-934D-95B58AE46B46}.Release|Any CPU.ActiveCfg = Release|Any CPU
		{120004E7-BCB0-4416-934D-95B58AE46B46}.Release|Any CPU.Build.0 = Release|Any CPU
		{CC39F7A7-0E2A-493C-BE23-D69D63D6EB96}.Debug|Any CPU.ActiveCfg = Debug|Any CPU
		{CC39F7A7-0E2A-493C-BE23-D69D63D6EB96}.Debug|Any CPU.Build.0 = Debug|Any CPU
		{CC39F7A7-0E2A-493C-BE23-D69D63D6EB96}.Release|Any CPU.ActiveCfg = Release|Any CPU
		{CC39F7A7-0E2A-493C-BE23-D69D63D6EB96}.Release|Any CPU.Build.0 = Release|Any CPU
		{AF0ECDF5-D567-43BA-8E1B-F0F9DBD0461C}.Debug|Any CPU.ActiveCfg = Debug|Any CPU
		{AF0ECDF5-D567-43BA-8E1B-F0F9DBD0461C}.Debug|Any CPU.Build.0 = Debug|Any CPU
		{AF0ECDF5-D567-43BA-8E1B-F0F9DBD0461C}.Release|Any CPU.ActiveCfg = Release|Any CPU
		{AF0ECDF5-D567-43BA-8E1B-F0F9DBD0461C}.Release|Any CPU.Build.0 = Release|Any CPU
		{F6A27C66-0ACD-40F0-86BC-4F19A42703A7}.Debug|Any CPU.ActiveCfg = Debug|Any CPU
		{F6A27C66-0ACD-40F0-86BC-4F19A42703A7}.Debug|Any CPU.Build.0 = Debug|Any CPU
		{F6A27C66-0ACD-40F0-86BC-4F19A42703A7}.Release|Any CPU.ActiveCfg = Release|Any CPU
		{F6A27C66-0ACD-40F0-86BC-4F19A42703A7}.Release|Any CPU.Build.0 = Release|Any CPU
	EndGlobalSection
	GlobalSection(NestedProjects) = preSolution
		{FE470937-D098-4D43-BB06-37EFD08A7011} = {E7D50E59-ACAF-4D01-9B8E-B6EFEFE6465A}
		{120004E7-BCB0-4416-934D-95B58AE46B46} = {E7D50E59-ACAF-4D01-9B8E-B6EFEFE6465A}
		{CC39F7A7-0E2A-493C-BE23-D69D63D6EB96} = {E7D50E59-ACAF-4D01-9B8E-B6EFEFE6465A}
		{AF0ECDF5-D567-43BA-8E1B-F0F9DBD0461C} = {E7D50E59-ACAF-4D01-9B8E-B6EFEFE6465A}
		{F6A27C66-0ACD-40F0-86BC-4F19A42703A7} = {C185A9D9-94EF-4312-B238-3E7F0593F2EC}
	EndGlobalSection
EndGlobal
